
Microsoft Visual Studio Solution File, Format Version 12.00
# Visual Studio Version 17
VisualStudioVersion = 17.9.34622.214
MinimumVisualStudioVersion = 10.0.40219.1
Project("{FAE04EC0-301F-11D3-BF4B-00C04F79EFBC}") = "web-ban-do-an", "web-ban-do-an.csproj", "{70056BF4-3CD2-44CD-AC64-BF6FAB970AF7}"
EndProject
Global
	GlobalSection(SolutionConfigurationPlatforms) = preSolution
		Debug|Any CPU = Debug|Any CPU
		Release|Any CPU = Release|Any CPU
	EndGlobalSection
	GlobalSection(ProjectConfigurationPlatforms) = postSolution
		{70056BF4-3CD2-44CD-AC64-BF6FAB970AF7}.Debug|Any CPU.ActiveCfg = Debug|Any CPU
		{70056BF4-3CD2-44CD-AC64-BF6FAB970AF7}.Debug|Any CPU.Build.0 = Debug|Any CPU
		{70056BF4-3CD2-44CD-AC64-BF6FAB970AF7}.Release|Any CPU.ActiveCfg = Release|Any CPU
		{70056BF4-3CD2-44CD-AC64-BF6FAB970AF7}.Release|Any CPU.Build.0 = Release|Any CPU
	EndGlobalSection
	GlobalSection(SolutionProperties) = preSolution
		HideSolutionNode = FALSE
	EndGlobalSection
	GlobalSection(ExtensibilityGlobals) = postSolution
		SolutionGuid = {506ED54F-D93D-4906-A93F-E617A8C0850C}
	EndGlobalSection
EndGlobal
